{
  "pins": [
    {
      "identity": "maplibre-gl-native-distribution",
      "kind": "remoteSourceControl",
      "location": "https://github.com/maplibre/maplibre-gl-native-distribution",
      "state": {
        "revision": "13e41ab3d77ff5113e7e5d4ee87803b1f81f5683",
        "version": "6.31.0"
      }
    }
  ],
  "version": 2
}
